
Microsoft Visual Studio Solution File, Format Version 12.00
# Visual Studio Version 17
VisualStudioVersion = 17.4.33103.184
MinimumVisualStudioVersion = 10.0.40219.1
Project("{9A19103F-16F7-4668-BE54-9A1E7A4F7556}") = "ClinicWebAPI", "ClinicWebAPI\ClinicWebAPI.csproj", "{DC375628-D2BA-400D-B7E3-4DDF1A54E9DC}"
EndProject
Global
	GlobalSection(SolutionConfigurationPlatforms) = preSolution
		Debug|Any CPU = Debug|Any CPU
		Release|Any CPU = Release|Any CPU
	EndGlobalSection
	GlobalSection(ProjectConfigurationPlatforms) = postSolution
		{DC375628-D2BA-400D-B7E3-4DDF1A54E9DC}.Debug|Any CPU.ActiveCfg = Debug|Any CPU
		{DC375628-D2BA-400D-B7E3-4DDF1A54E9DC}.Debug|Any CPU.Build.0 = Debug|Any CPU
		{DC375628-D2BA-400D-B7E3-4DDF1A54E9DC}.Release|Any CPU.ActiveCfg = Release|Any CPU
		{DC375628-D2BA-400D-B7E3-4DDF1A54E9DC}.Release|Any CPU.Build.0 = Release|Any CPU
	EndGlobalSection
	GlobalSection(SolutionProperties) = preSolution
		HideSolutionNode = FALSE
	EndGlobalSection
	GlobalSection(ExtensibilityGlobals) = postSolution
		SolutionGuid = {20DFA22B-F871-4852-8FFC-BFE56056FFD0}
	EndGlobalSection
EndGlobal
